PODS:
  - AZSClient (0.2.2)
  - Bolts/Tasks (1.8.4)
  - MicrosoftAzureMobile (3.3.0)
  - MobileCenter (0.3.7):
    - MobileCenter/MobileCenterAnalytics (= 0.3.7)
    - MobileCenter/MobileCenterCrashes (= 0.3.7)
  - MobileCenter/MobileCenter (0.3.7)
  - MobileCenter/MobileCenterAnalytics (0.3.7):
    - MobileCenter/MobileCenter
  - MobileCenter/MobileCenterCrashes (0.3.7):
    - MobileCenter/MobileCenter
  - Parse (1.14.2):
    - Bolts/Tasks (~> 1.8)
  - ParseUI (1.2.0):
    - Bolts/Tasks (~> 1.3)
    - Parse (~> 1.9)
  - ProjectOxfordFace (1.2.0)
  - surveymonkey-ios-sdk (1.0.8)

DEPENDENCIES:
  - AZSClient
  - MicrosoftAzureMobile
  - MobileCenter
  - Parse
  - ParseUI
  - ProjectOxfordFace
  - surveymonkey-ios-sdk (~> 1.0)

SPEC CHECKSUMS:
  AZSClient: 469db5162a0e59cc764715b233794e26ade29736
  Bolts: 8a7995239dbe724f9cba2248b766d48b7ebdd322
  MicrosoftAzureMobile: 08e10f8277b8ce7b55a54f3c96872e075d5041d5
  MobileCenter: cb53869e883407fe59f9ba05c9a4f9c9695e1411
  Parse: 4335d65f40cb3d43190d723144bbe1afb9c38230
  ParseUI: af2eba584799da4a9fbdac0e178662d7438b502e
  ProjectOxfordFace: eeb628b3d91ffe4f8fcec151abf26941975479d3
  surveymonkey-ios-sdk: c69335a71b370c8242a79ff9246d88f2f51101f3

PODFILE CHECKSUM: 565fb4cbddea967b12f8691e6b1839d4dec340a7

COCOAPODS: 1.1.1
